# THIS IS AN AUTOGENERATED FILE. DO NOT EDIT THIS FILE DIRECTLY.
# yarn lockfile v1


"@figma/plugin-typings@^1.28.0":
  version "1.28.0"
  resolved "https://registry.yarnpkg.com/@figma/plugin-typings/-/plugin-typings-1.28.0.tgz#097cef09b02d44122a7b4405ce181f547f74ac98"
  integrity sha512-Xypk+7LwbjkHVISRpN02jQbV0OvDMoIsuue/OKn5Hk7Bw3Dyxd3OjXfyzmV90p0CgpLtvEla2BsFqEfy6Xb3OA==

lodash@^4.17.21:
  version "4.17.21"
  resolved "https://registry.yarnpkg.com/lodash/-/lodash-4.17.21.tgz#679591c564c3bffaae8454cf0b3df370c3d6911c"
  integrity sha512-v2kDEe57lecTulaDIuNTPy3Ry4gLGJ6Z1O3vE1krgXZNrsQ+LFTGHVxVjcXPs17LhbZVGedAJv8XZ1tvj5FvSg==
